// !$*UTF8*$!
{
	archiveVersion = 1;
	classes = {
	};
	objectVersion = 48;
	objects = {

/* Begin PBXBuildFile section */
		8409CC762080B85400DA5763 /* AppDelegate.m in Sources */ = {isa = PBXBuildFile; fileRef = 8409CC752080B85400DA5763 /* AppDelegate.m */; };
		8409CC792080B85400DA5763 /* ViewController.m in Sources */ = {isa = PBXBuildFile; fileRef = 8409CC782080B85400DA5763 /* ViewController.m */; };
		8409CC7C2080B85400DA5763 /* Main.storyboard in Resources */ = {isa = PBXBuildFile; fileRef = 8409CC7A2080B85400DA5763 /* Main.storyboard */; };
		8409CC7E2080B85400DA5763 /* Assets.xcassets in Resources */ = {isa = PBXBuildFile; fileRef = 8409CC7D2080B85400DA5763 /* Assets.xcassets */; };
		8409CC812080B85400DA5763 /* LaunchScreen.storyboard in Resources */ = {isa = PBXBuildFile; fileRef = 8409CC7F2080B85400DA5763 /* LaunchScreen.storyboard */; };
		8409CC842080B85400DA5763 /* main.m in Sources */ = {isa = PBXBuildFile; fileRef = 8409CC832080B85400DA5763 /* main.m */; };
		8409CC8E2080B85500DA5763 /* WSSlideMenuTests.m in Sources */ = {isa = PBXBuildFile; fileRef = 8409CC8D2080B85500DA5763 /* WSSlideMenuTests.m */; };
		8409CC992080B85500DA5763 /* WSSlideMenuUITests.m in Sources */ = {isa = PBXBuildFile; fileRef = 8409CC982080B85500DA5763 /* WSSlideMenuUITests.m */; };
		8409CCAB2080B8A400DA5763 /* WSMenuViewController.m in Sources */ = {isa = PBXBuildFile; fileRef = 8409CCA72080B8A300DA5763 /* WSMenuViewController.m */; };
		8409CCAC2080B8A400DA5763 /* UIViewController+WSMenuViewControllerExtend.m in Sources */ = {isa = PBXBuildFile; fileRef = 8409CCAA2080B8A300DA5763 /* UIViewController+WSMenuViewControllerExtend.m */; };
		8409CCB62080B8C900DA5763 /* ListVC.m in Sources */ = {isa = PBXBuildFile; fileRef = 8409CCAD2080B8C700DA5763 /* ListVC.m */; };
		8409CCB72080B8C900DA5763 /* bird.jpg in Resources */ = {isa = PBXBuildFile; fileRef = 8409CCAE2080B8C700DA5763 /* bird.jpg */; };
		8409CCB82080B8C900DA5763 /* RightVC.m in Sources */ = {isa = PBXBuildFile; fileRef = 8409CCAF2080B8C700DA5763 /* RightVC.m */; };
		8409CCB92080B8C900DA5763 /* HomeVC.m in Sources */ = {isa = PBXBuildFile; fileRef = 8409CCB12080B8C700DA5763 /* HomeVC.m */; };
		8409CCBA2080B8C900DA5763 /* LeftVC.m in Sources */ = {isa = PBXBuildFile; fileRef = 8409CCB42080B8C800DA5763 /* LeftVC.m */; };
/* End PBXBuildFile section */

/* Begin PBXContainerItemProxy section */
		8409CC8A2080B85500DA5763 /* PBXContainerItemProxy */ = {
			isa = PBXContainerItemProxy;
			containerPortal = 8409CC692080B85400DA5763 /* Project object */;
			proxyType = 1;
			remoteGlobalIDString = 8409CC702080B85400DA5763;
			remoteInfo = WSSlideMenu;
		};
		8409CC952080B85500DA5763 /* PBXContainerItemProxy */ = {
			isa = PBXContainerItemProxy;
			containerPortal = 8409CC692080B85400DA5763 /* Project object */;
			proxyType = 1;
			remoteGlobalIDString = 8409CC702080B85400DA5763;
			remoteInfo = WSSlideMenu;
		};
/* End PBXContainerItemProxy section */

/* Begin PBXFileReference section */
		8409CC712080B85400DA5763 /* WSSlideMenu.app */ = {isa = PBXFileReference; explicitFileType = wrapper.application; includeInIndex = 0; path = WSSlideMenu.app; sourceTree = BUILT_PRODUCTS_DIR; };
		8409CC742080B85400DA5763 /* AppDelegate.h */ = {isa = PBXFileReference; lastKnownFileType = sourcecode.c.h; path = AppDelegate.h; sourceTree = "<group>"; };
		8409CC752080B85400DA5763 /* AppDelegate.m */ = {isa = PBXFileReference; lastKnownFileType = sourcecode.c.objc; path = AppDelegate.m; sourceTree = "<group>"; };
		8409CC772080B85400DA5763 /* ViewController.h */ = {isa = PBXFileReference; lastKnownFileType = sourcecode.c.h; path = ViewController.h; sourceTree = "<group>"; };
		8409CC782080B85400DA5763 /* ViewController.m */ = {isa = PBXFileReference; lastKnownFileType = sourcecode.c.objc; path = ViewController.m; sourceTree = "<group>"; };
		8409CC7B2080B85400DA5763 /* Base */ = {isa = PBXFileReference; lastKnownFileType = file.storyboard; name = Base; path = Base.lproj/Main.storyboard; sourceTree = "<group>"; };
		8409CC7D2080B85400DA5763 /* Assets.xcassets */ = {isa = PBXFileReference; lastKnownFileType = folder.assetcatalog; path = Assets.xcassets; sourceTree = "<group>"; };
		8409CC802080B85400DA5763 /* Base */ = {isa = PBXFileReference; lastKnownFileType = file.storyboard; name = Base; path = Base.lproj/LaunchScreen.storyboard; sourceTree = "<group>"; };
		8409CC822080B85400DA5763 /* Info.plist */ = {isa = PBXFileReference; lastKnownFileType = text.plist.xml; path = Info.plist; sourceTree = "<group>"; };
		8409CC832080B85400DA5763 /* main.m */ = {isa = PBXFileReference; lastKnownFileType = sourcecode.c.objc; path = main.m; sourceTree = "<group>"; };
		8409CC892080B85500DA5763 /* WSSlideMenuTests.xctest */ = {isa = PBXFileReference; explicitFileType = wrapper.cfbundle; includeInIndex = 0; path = WSSlideMenuTests.xctest; sourceTree = BUILT_PRODUCTS_DIR; };
		8409CC8D2080B85500DA5763 /* WSSlideMenuTests.m */ = {isa = PBXFileReference; lastKnownFileType = sourcecode.c.objc; path = WSSlideMenuTests.m; sourceTree = "<group>"; };
		8409CC8F2080B85500DA5763 /* Info.plist */ = {isa = PBXFileReference; lastKnownFileType = text.plist.xml; path = Info.plist; sourceTree = "<group>"; };
		8409CC942080B85500DA5763 /* WSSlideMenuUITests.xctest */ = {isa = PBXFileReference; explicitFileType = wrapper.cfbundle; includeInIndex = 0; path = WSSlideMenuUITests.xctest; sourceTree = BUILT_PRODUCTS_DIR; };
		8409CC982080B85500DA5763 /* WSSlideMenuUITests.m */ = {isa = PBXFileReference; lastKnownFileType = sourcecode.c.objc; path = WSSlideMenuUITests.m; sourceTree = "<group>"; };
		8409CC9A2080B85500DA5763 /* Info.plist */ = {isa = PBXFileReference; lastKnownFileType = text.plist.xml; path = Info.plist; sourceTree = "<group>"; };
		8409CCA72080B8A300DA5763 /* WSMenuViewController.m */ = {isa = PBXFileReference; fileEncoding = 4; lastKnownFileType = sourcecode.c.objc; path = WSMenuViewController.m; sourceTree = "<group>"; };
		8409CCA82080B8A300DA5763 /* WSMenuViewController.h */ = {isa = PBXFileReference; fileEncoding = 4; lastKnownFileType = sourcecode.c.h; path = WSMenuViewController.h; sourceTree = "<group>"; };
		8409CCA92080B8A300DA5763 /* UIViewController+WSMenuViewControllerExtend.h */ = {isa = PBXFileReference; fileEncoding = 4; lastKnownFileType = sourcecode.c.h; path = "UIViewController+WSMenuViewControllerExtend.h"; sourceTree = "<group>"; };
		8409CCAA2080B8A300DA5763 /* UIViewController+WSMenuViewControllerExtend.m */ = {isa = PBXFileReference; fileEncoding = 4; lastKnownFileType = sourcecode.c.objc; path = "UIViewController+WSMenuViewControllerExtend.m"; sourceTree = "<group>"; };
		8409CCAD2080B8C700DA5763 /* ListVC.m */ = {isa = PBXFileReference; fileEncoding = 4; lastKnownFileType = sourcecode.c.objc; path = ListVC.m; sourceTree = "<group>"; };
		8409CCAE2080B8C700DA5763 /* bird.jpg */ = {isa = PBXFileReference; lastKnownFileType = image.jpeg; path = bird.jpg; sourceTree = "<group>"; };
		8409CCAF2080B8C700DA5763 /* RightVC.m */ = {isa = PBXFileReference; fileEncoding = 4; lastKnownFileType = sourcecode.c.objc; path = RightVC.m; sourceTree = "<group>"; };
		8409CCB02080B8C700DA5763 /* LeftVC.h */ = {isa = PBXFileReference; fileEncoding = 4; lastKnownFileType = sourcecode.c.h; path = LeftVC.h; sourceTree = "<group>"; };
		8409CCB12080B8C700DA5763 /* HomeVC.m */ = {isa = PBXFileReference; fileEncoding = 4; lastKnownFileType = sourcecode.c.objc; path = HomeVC.m; sourceTree = "<group>"; };
		8409CCB22080B8C800DA5763 /* ListVC.h */ = {isa = PBXFileReference; fileEncoding = 4; lastKnownFileType = sourcecode.c.h; path = ListVC.h; sourceTree = "<group>"; };
		8409CCB32080B8C800DA5763 /* HomeVC.h */ = {isa = PBXFileReference; fileEncoding = 4; lastKnownFileType = sourcecode.c.h; path = HomeVC.h; sourceTree = "<group>"; };
		8409CCB42080B8C800DA5763 /* LeftVC.m */ = {isa = PBXFileReference; fileEncoding = 4; lastKnownFileType = sourcecode.c.objc; path = LeftVC.m; sourceTree = "<group>"; };
		8409CCB52080B8C800DA5763 /* RightVC.h */ = {isa = PBXFileReference; fileEncoding = 4; lastKnownFileType = sourcecode.c.h; path = RightVC.h; sourceTree = "<group>"; };
/* End PBXFileReference section */

/* Begin PBXFrameworksBuildPhase section */
		8409CC6E2080B85400DA5763 /* Frameworks */ = {
			isa = PBXFrameworksBuildPhase;
			buildActionMask = 2147483647;
			files = (
			);
			runOnlyForDeploymentPostprocessing = 0;
		};
		8409CC862080B85500DA5763 /* Frameworks */ = {
			isa = PBXFrameworksBuildPhase;
			buildActionMask = 2147483647;
			files = (
			);
			runOnlyForDeploymentPostprocessing = 0;
		};
		8409CC912080B85500DA5763 /* Frameworks */ = {
			isa = PBXFrameworksBuildPhase;
			buildActionMask = 2147483647;
			files = (
			);
			runOnlyForDeploymentPostprocessing = 0;
		};
/* End PBXFrameworksBuildPhase section */

/* Begin PBXGroup section */
		8409CC682080B85400DA5763 = {
			isa = PBXGroup;
			children = (
				8409CC732080B85400DA5763 /* WSSlideMenu */,
				8409CC8C2080B85500DA5763 /* WSSlideMenuTests */,
				8409CC972080B85500DA5763 /* WSSlideMenuUITests */,
				8409CC722080B85400DA5763 /* Products */,
			);
			sourceTree = "<group>";
		};
		8409CC722080B85400DA5763 /* Products */ = {
			isa = PBXGroup;
			children = (
				8409CC712080B85400DA5763 /* WSSlideMenu.app */,
				8409CC892080B85500DA5763 /* WSSlideMenuTests.xctest */,
				8409CC942080B85500DA5763 /* WSSlideMenuUITests.xctest */,
			);
			name = Products;
			sourceTree = "<group>";
		};
		8409CC732080B85400DA5763 /* WSSlideMenu */ = {
			isa = PBXGroup;
			children = (
				8409CCA62080B88D00DA5763 /* WSSlideMenuClass */,
				8409CC742080B85400DA5763 /* AppDelegate.h */,
				8409CC752080B85400DA5763 /* AppDelegate.m */,
				8409CC772080B85400DA5763 /* ViewController.h */,
				8409CC782080B85400DA5763 /* ViewController.m */,
				8409CCAE2080B8C700DA5763 /* bird.jpg */,
				8409CCB32080B8C800DA5763 /* HomeVC.h */,
				8409CCB12080B8C700DA5763 /* HomeVC.m */,
				8409CCB02080B8C700DA5763 /* LeftVC.h */,
				8409CCB42080B8C800DA5763 /* LeftVC.m */,
				8409CCB22080B8C800DA5763 /* ListVC.h */,
				8409CCAD2080B8C700DA5763 /* ListVC.m */,
				8409CCB52080B8C800DA5763 /* RightVC.h */,
				8409CCAF2080B8C700DA5763 /* RightVC.m */,
				8409CC7A2080B85400DA5763 /* Main.storyboard */,
				8409CC7D2080B85400DA5763 /* Assets.xcassets */,
				8409CC7F2080B85400DA5763 /* LaunchScreen.storyboard */,
				8409CC822080B85400DA5763 /* Info.plist */,
				8409CC832080B85400DA5763 /* main.m */,
			);
			path = WSSlideMenu;
			sourceTree = "<group>";
		};
		8409CC8C2080B85500DA5763 /* WSSlideMenuTests */ = {
			isa = PBXGroup;
			children = (
				8409CC8D2080B85500DA5763 /* WSSlideMenuTests.m */,
				8409CC8F2080B85500DA5763 /* Info.plist */,
			);
			path = WSSlideMenuTests;
			sourceTree = "<group>";
		};
		8409CC972080B85500DA5763 /* WSSlideMenuUITests */ = {
			isa = PBXGroup;
			children = (
				8409CC982080B85500DA5763 /* WSSlideMenuUITests.m */,
				8409CC9A2080B85500DA5763 /* Info.plist */,
			);
			path = WSSlideMenuUITests;
			sourceTree = "<group>";
		};
		8409CCA62080B88D00DA5763 /* WSSlideMenuClass */ = {
			isa = PBXGroup;
			children = (
				8409CCA82080B8A300DA5763 /* WSMenuViewController.h */,
				8409CCA72080B8A300DA5763 /* WSMenuViewController.m */,
				8409CCA92080B8A300DA5763 /* UIViewController+WSMenuViewControllerExtend.h */,
				8409CCAA2080B8A300DA5763 /* UIViewController+WSMenuViewControllerExtend.m */,
			);
			path = WSSlideMenuClass;
			sourceTree = "<group>";
		};
/* End PBXGroup section */

/* Begin PBXNativeTarget section */
		8409CC702080B85400DA5763 /* WSSlideMenu */ = {
			isa = PBXNativeTarget;
			buildConfigurationList = 8409CC9D2080B85500DA5763 /* Build configuration list for PBXNativeTarget "WSSlideMenu" */;
			buildPhases = (
				8409CC6D2080B85400DA5763 /* Sources */,
				8409CC6E2080B85400DA5763 /* Frameworks */,
				8409CC6F2080B85400DA5763 /* Resources */,
			);
			buildRules = (
			);
			dependencies = (
			);
			name = WSSlideMenu;
			productName = WSSlideMenu;
			productReference = 8409CC712080B85400DA5763 /* WSSlideMenu.app */;
			productType = "com.apple.product-type.application";
		};
		8409CC882080B85500DA5763 /* WSSlideMenuTests */ = {
			isa = PBXNativeTarget;
			buildConfigurationList = 8409CCA02080B85500DA5763 /* Build configuration list for PBXNativeTarget "WSSlideMenuTests" */;
			buildPhases = (
				8409CC852080B85500DA5763 /* Sources */,
				8409CC862080B85500DA5763 /* Frameworks */,
				8409CC872080B85500DA5763 /* Resources */,
			);
			buildRules = (
			);
			dependencies = (
				8409CC8B2080B85500DA5763 /* PBXTargetDependency */,
			);
			name = WSSlideMenuTests;
			productName = WSSlideMenuTests;
			productReference = 8409CC892080B85500DA5763 /* WSSlideMenuTests.xctest */;
			productType = "com.apple.product-type.bundle.unit-test";
		};
		8409CC932080B85500DA5763 /* WSSlideMenuUITests */ = {
			isa = PBXNativeTarget;
			buildConfigurationList = 8409CCA32080B85500DA5763 /* Build configuration list for PBXNativeTarget "WSSlideMenuUITests" */;
			buildPhases = (
				8409CC902080B85500DA5763 /* Sources */,
				8409CC912080B85500DA5763 /* Frameworks */,
				8409CC922080B85500DA5763 /* Resources */,
			);
			buildRules = (
			);
			dependencies = (
				8409CC962080B85500DA5763 /* PBXTargetDependency */,
			);
			name = WSSlideMenuUITests;
			productName = WSSlideMenuUITests;
			productReference = 8409CC942080B85500DA5763 /* WSSlideMenuUITests.xctest */;
			productType = "com.apple.product-type.bundle.ui-testing";
		};
/* End PBXNativeTarget section */

/* Begin PBXProject section */
		8409CC692080B85400DA5763 /* Project object */ = {
			isa = PBXProject;
			attributes = {
				LastUpgradeCheck = 0920;
				ORGANIZATIONNAME = WebsoftProfession;
				TargetAttributes = {
					8409CC702080B85400DA5763 = {
						CreatedOnToolsVersion = 9.2;
						ProvisioningStyle = Manual;
					};
					8409CC882080B85500DA5763 = {
						CreatedOnToolsVersion = 9.2;
						ProvisioningStyle = Automatic;
						TestTargetID = 8409CC702080B85400DA5763;
					};
					8409CC932080B85500DA5763 = {
						CreatedOnToolsVersion = 9.2;
						ProvisioningStyle = Automatic;
						TestTargetID = 8409CC702080B85400DA5763;
					};
				};
			};
			buildConfigurationList = 8409CC6C2080B85400DA5763 /* Build configuration list for PBXProject "WSSlideMenu" */;
			compatibilityVersion = "Xcode 8.0";
			developmentRegion = en;
			hasScannedForEncodings = 0;
			knownRegions = (
				en,
				Base,
			);
			mainGroup = 8409CC682080B85400DA5763;
			productRefGroup = 8409CC722080B85400DA5763 /* Products */;
			projectDirPath = "";
			projectRoot = "";
			targets = (
				8409CC702080B85400DA5763 /* WSSlideMenu */,
				8409CC882080B85500DA5763 /* WSSlideMenuTests */,
				8409CC932080B85500DA5763 /* WSSlideMenuUITests */,
			);
		};
/* End PBXProject section */

/* Begin PBXResourcesBuildPhase section */
		8409CC6F2080B85400DA5763 /* Resources */ = {
			isa = PBXResourcesBuildPhase;
			buildActionMask = 2147483647;
			files = (
				8409CCB72080B8C900DA5763 /* bird.jpg in Resources */,
				8409CC812080B85400DA5763 /* LaunchScreen.storyboard in Resources */,
				8409CC7E2080B85400DA5763 /* Assets.xcassets in Resources */,
				8409CC7C2080B85400DA5763 /* Main.storyboard in Resources */,
			);
			runOnlyForDeploymentPostprocessing = 0;
		};
		8409CC872080B85500DA5763 /* Resources */ = {
			isa = PBXResourcesBuildPhase;
			buildActionMask = 2147483647;
			files = (
			);
			runOnlyForDeploymentPostprocessing = 0;
		};
		8409CC922080B85500DA5763 /* Resources */ = {
			isa = PBXResourcesBuildPhase;
			buildActionMask = 2147483647;
			files = (
			);
			runOnlyForDeploymentPostprocessing = 0;
		};
/* End PBXResourcesBuildPhase section */

/* Begin PBXSourcesBuildPhase section */
		8409CC6D2080B85400DA5763 /* Sources */ = {
			isa = PBXSourcesBuildPhase;
			buildActionMask = 2147483647;
			files = (
				8409CCB82080B8C900DA5763 /* RightVC.m in Sources */,
				8409CCB62080B8C900DA5763 /* ListVC.m in Sources */,
				8409CCAB2080B8A400DA5763 /* WSMenuViewController.m in Sources */,
				8409CCBA2080B8C900DA5763 /* LeftVC.m in Sources */,
				8409CC792080B85400DA5763 /* ViewController.m in Sources */,
				8409CC842080B85400DA5763 /* main.m in Sources */,
				8409CCB92080B8C900DA5763 /* HomeVC.m in Sources */,
				8409CCAC2080B8A400DA5763 /* UIViewController+WSMenuViewControllerExtend.m in Sources */,
				8409CC762080B85400DA5763 /* AppDelegate.m in Sources */,
			);
			runOnlyForDeploymentPostprocessing = 0;
		};
		8409CC852080B85500DA5763 /* Sources */ = {
			isa = PBXSourcesBuildPhase;
			buildActionMask = 2147483647;
			files = (
				8409CC8E2080B85500DA5763 /* WSSlideMenuTests.m in Sources */,
			);
			runOnlyForDeploymentPostprocessing = 0;
		};
		8409CC902080B85500DA5763 /* Sources */ = {
			isa = PBXSourcesBuildPhase;
			buildActionMask = 2147483647;
			files = (
				8409CC992080B85500DA5763 /* WSSlideMenuUITests.m in Sources */,
			);
			runOnlyForDeploymentPostprocessing = 0;
		};
/* End PBXSourcesBuildPhase section */

/* Begin PBXTargetDependency section */
		8409CC8B2080B85500DA5763 /* PBXTargetDependency */ = {
			isa = PBXTargetDependency;
			target = 8409CC702080B85400DA5763 /* WSSlideMenu */;
			targetProxy = 8409CC8A2080B85500DA5763 /* PBXContainerItemProxy */;
		};
		8409CC962080B85500DA5763 /* PBXTargetDependency */ = {
			isa = PBXTargetDependency;
			target = 8409CC702080B85400DA5763 /* WSSlideMenu */;
			targetProxy = 8409CC952080B85500DA5763 /* PBXContainerItemProxy */;
		};
/* End PBXTargetDependency section */

/* Begin PBXVariantGroup section */
		8409CC7A2080B85400DA5763 /* Main.storyboard */ = {
			isa = PBXVariantGroup;
			children = (
				8409CC7B2080B85400DA5763 /* Base */,
			);
			name = Main.storyboard;
			sourceTree = "<group>";
		};
		8409CC7F2080B85400DA5763 /* LaunchScreen.storyboard */ = {
			isa = PBXVariantGroup;
			children = (
				8409CC802080B85400DA5763 /* Base */,
			);
			name = LaunchScreen.storyboard;
			sourceTree = "<group>";
		};
/* End PBXVariantGroup section */

/* Begin XCBuildConfiguration section */
		8409CC9B2080B85500DA5763 /* Debug */ = {
			isa = XCBuildConfiguration;
			buildSettings = {
				ALWAYS_SEARCH_USER_PATHS = NO;
				CLANG_ANALYZER_NONNULL = YES;
				CLANG_ANALYZER_NUMBER_OBJECT_CONVERSION = YES_AGGRESSIVE;
				CLANG_CXX_LANGUAGE_STANDARD = "gnu++14";
				CLANG_CXX_LIBRARY = "libc++";
				CLANG_ENABLE_MODULES = YES;
				CLANG_ENABLE_OBJC_ARC = YES;
				CLANG_WARN_BLOCK_CAPTURE_AUTORELEASING = YES;
				CLANG_WARN_BOOL_CONVERSION = YES;
				CLANG_WARN_COMMA = YES;
				CLANG_WARN_CONSTANT_CONVERSION = YES;
				CLANG_WARN_DIRECT_OBJC_ISA_USAGE = YES_ERROR;
				CLANG_WARN_DOCUMENTATION_COMMENTS = YES;
				CLANG_WARN_EMPTY_BODY = YES;
				CLANG_WARN_ENUM_CONVERSION = YES;
				CLANG_WARN_INFINITE_RECURSION = YES;
				CLANG_WARN_INT_CONVERSION = YES;
				CLANG_WARN_NON_LITERAL_NULL_CONVERSION = YES;
				CLANG_WARN_OBJC_LITERAL_CONVERSION = YES;
				CLANG_WARN_OBJC_ROOT_CLASS = YES_ERROR;
				CLANG_WARN_RANGE_LOOP_ANALYSIS = YES;
				CLANG_WARN_STRICT_PROTOTYPES = YES;
				CLANG_WARN_SUSPICIOUS_MOVE = YES;
				CLANG_WARN_UNGUARDED_AVAILABILITY = YES_AGGRESSIVE;
				CLANG_WARN_UNREACHABLE_CODE = YES;
				CLANG_WARN__DUPLICATE_METHOD_MATCH = YES;
				CODE_SIGN_IDENTITY = "iPhone Developer";
				COPY_PHASE_STRIP = NO;
				DEBUG_INFORMATION_FORMAT = dwarf;
				ENABLE_STRICT_OBJC_MSGSEND = YES;
				ENABLE_TESTABILITY = YES;
				GCC_C_LANGUAGE_STANDARD = gnu11;
				GCC_DYNAMIC_NO_PIC = NO;
				GCC_NO_COMMON_BLOCKS = YES;
				GCC_OPTIMIZATION_LEVEL = 0;
				GCC_PREPROCESSOR_DEFINITIONS = (
					"DEBUG=1",
					"$(inherited)",
				);
				GCC_WARN_64_TO_32_BIT_CONVERSION = YES;
				GCC_WARN_ABOUT_RETURN_TYPE = YES_ERROR;
				GCC_WARN_UNDECLARED_SELECTOR = YES;
				GCC_WARN_UNINITIALIZED_AUTOS = YES_AGGRESSIVE;
				GCC_WARN_UNUSED_FUNCTION = YES;
				GCC_WARN_UNUSED_VARIABLE = YES;
				IPHONEOS_DEPLOYMENT_TARGET = 11.2;
				MTL_ENABLE_DEBUG_INFO = YES;
				ONLY_ACTIVE_ARCH = YES;
				SDKROOT = iphoneos;
			};
			name = Debug;
		};
		8409CC9C2080B85500DA5763 /* Release */ = {
			isa = XCBuildConfiguration;
			buildSettings = {
				ALWAYS_SEARCH_USER_PATHS = NO;
				CLANG_ANALYZER_NONNULL = YES;
				CLANG_ANALYZER_NUMBER_OBJECT_CONVERSION = YES_AGGRESSIVE;
				CLANG_CXX_LANGUAGE_STANDARD = "gnu++14";
				CLANG_CXX_LIBRARY = "libc++";
				CLANG_ENABLE_MODULES = YES;
				CLANG_ENABLE_OBJC_ARC = YES;
				CLANG_WARN_BLOCK_CAPTURE_AUTORELEASING = YES;
				CLANG_WARN_BOOL_CONVERSION = YES;
				CLANG_WARN_COMMA = YES;
				CLANG_WARN_CONSTANT_CONVERSION = YES;
				CLANG_WARN_DIRECT_OBJC_ISA_USAGE = YES_ERROR;
				CLANG_WARN_DOCUMENTATION_COMMENTS = YES;
				CLANG_WARN_EMPTY_BODY = YES;
				CLANG_WARN_ENUM_CONVERSION = YES;
				CLANG_WARN_INFINITE_RECURSION = YES;
				CLANG_WARN_INT_CONVERSION = YES;
				CLANG_WARN_NON_LITERAL_NULL_CONVERSION = YES;
				CLANG_WARN_OBJC_LITERAL_CONVERSION = YES;
				CLANG_WARN_OBJC_ROOT_CLASS = YES_ERROR;
				CLANG_WARN_RANGE_LOOP_ANALYSIS = YES;
				CLANG_WARN_STRICT_PROTOTYPES = YES;
				CLANG_WARN_SUSPICIOUS_MOVE = YES;
				CLANG_WARN_UNGUARDED_AVAILABILITY = YES_AGGRESSIVE;
				CLANG_WARN_UNREACHABLE_CODE = YES;
				CLANG_WARN__DUPLICATE_METHOD_MATCH = YES;
				CODE_SIGN_IDENTITY = "iPhone Developer";
				COPY_PHASE_STRIP = NO;
				DEBUG_INFORMATION_FORMAT = "dwarf-with-dsym";
				ENABLE_NS_ASSERTIONS = NO;
				ENABLE_STRICT_OBJC_MSGSEND = YES;
				GCC_C_LANGUAGE_STANDARD = gnu11;
				GCC_NO_COMMON_BLOCKS = YES;
				GCC_WARN_64_TO_32_BIT_CONVERSION = YES;
				GCC_WARN_ABOUT_RETURN_TYPE = YES_ERROR;
				GCC_WARN_UNDECLARED_SELECTOR = YES;
				GCC_WARN_UNINITIALIZED_AUTOS = YES_AGGRESSIVE;
				GCC_WARN_UNUSED_FUNCTION = YES;
				GCC_WARN_UNUSED_VARIABLE = YES;
				IPHONEOS_DEPLOYMENT_TARGET = 11.2;
				MTL_ENABLE_DEBUG_INFO = NO;
				SDKROOT = iphoneos;
				VALIDATE_PRODUCT = YES;
			};
			name = Release;
		};
		8409CC9E2080B85500DA5763 /* Debug */ = {
			isa = XCBuildConfiguration;
			buildSettings = {
				ASSETCATALOG_COMPILER_APPICON_NAME = AppIcon;
				CODE_SIGN_STYLE = Manual;
				DEVELOPMENT_TEAM = "";
				INFOPLIST_FILE = WSSlideMenu/Info.plist;
				LD_RUNPATH_SEARCH_PATHS = "$(inherited) @executable_path/Frameworks";
				PRODUCT_BUNDLE_IDENTIFIER = com.ws.WSSlideMenu;
				PRODUCT_NAME = "$(TARGET_NAME)";
				PROVISIONING_PROFILE_SPECIFIER = "";
				TARGETED_DEVICE_FAMILY = "1,2";
			};
			name = Debug;
		};
		8409CC9F2080B85500DA5763 /* Release */ = {
			isa = XCBuildConfiguration;
			buildSettings = {
				ASSETCATALOG_COMPILER_APPICON_NAME = AppIcon;
				CODE_SIGN_STYLE = Manual;
				DEVELOPMENT_TEAM = "";
				INFOPLIST_FILE = WSSlideMenu/Info.plist;
				LD_RUNPATH_SEARCH_PATHS = "$(inherited) @executable_path/Frameworks";
				PRODUCT_BUNDLE_IDENTIFIER = com.ws.WSSlideMenu;
				PRODUCT_NAME = "$(TARGET_NAME)";
				PROVISIONING_PROFILE_SPECIFIER = "";
				TARGETED_DEVICE_FAMILY = "1,2";
			};
			name = Release;
		};
		8409CCA12080B85500DA5763 /* Debug */ = {
			isa = XCBuildConfiguration;
			buildSettings = {
				BUNDLE_LOADER = "$(TEST_HOST)";
				CODE_SIGN_STYLE = Automatic;
				INFOPLIST_FILE = WSSlideMenuTests/Info.plist;
				LD_RUNPATH_SEARCH_PATHS = "$(inherited) @executable_path/Frameworks @loader_path/Frameworks";
				PRODUCT_BUNDLE_IDENTIFIER = com.ws.WSSlideMenuTests;
				PRODUCT_NAME = "$(TARGET_NAME)";
				TARGETED_DEVICE_FAMILY = "1,2";
				TEST_HOST = "$(BUILT_PRODUCTS_DIR)/WSSlideMenu.app/WSSlideMenu";
			};
			name = Debug;
		};
		8409CCA22080B85500DA5763 /* Release */ = {
			isa = XCBuildConfiguration;
			buildSettings = {
				BUNDLE_LOADER = "$(TEST_HOST)";
				CODE_SIGN_STYLE = Automatic;
				INFOPLIST_FILE = WSSlideMenuTests/Info.plist;
				LD_RUNPATH_SEARCH_PATHS = "$(inherited) @executable_path/Frameworks @loader_path/Frameworks";
				PRODUCT_BUNDLE_IDENTIFIER = com.ws.WSSlideMenuTests;
				PRODUCT_NAME = "$(TARGET_NAME)";
				TARGETED_DEVICE_FAMILY = "1,2";
				TEST_HOST = "$(BUILT_PRODUCTS_DIR)/WSSlideMenu.app/WSSlideMenu";
			};
			name = Release;
		};
		8409CCA42080B85500DA5763 /* Debug */ = {
			isa = XCBuildConfiguration;
			buildSettings = {
				CODE_SIGN_STYLE = Automatic;
				INFOPLIST_FILE = WSSlideMenuUITests/Info.plist;
				LD_RUNPATH_SEARCH_PATHS = "$(inherited) @executable_path/Frameworks @loader_path/Frameworks";
				PRODUCT_BUNDLE_IDENTIFIER = com.ws.WSSlideMenuUITests;
				PRODUCT_NAME = "$(TARGET_NAME)";
				TARGETED_DEVICE_FAMILY = "1,2";
				TEST_TARGET_NAME = WSSlideMenu;
			};
			name = Debug;
		};
		8409CCA52080B85500DA5763 /* Release */ = {
			isa = XCBuildConfiguration;
			buildSettings = {
				CODE_SIGN_STYLE = Automatic;
				INFOPLIST_FILE = WSSlideMenuUITests/Info.plist;
				LD_RUNPATH_SEARCH_PATHS = "$(inherited) @executable_path/Frameworks @loader_path/Frameworks";
				PRODUCT_BUNDLE_IDENTIFIER = com.ws.WSSlideMenuUITests;
				PRODUCT_NAME = "$(TARGET_NAME)";
				TARGETED_DEVICE_FAMILY = "1,2";
				TEST_TARGET_NAME = WSSlideMenu;
			};
			name = Release;
		};
/* End XCBuildConfiguration section */

/* Begin XCConfigurationList section */
		8409CC6C2080B85400DA5763 /* Build configuration list for PBXProject "WSSlideMenu" */ = {
			isa = XCConfigurationList;
			buildConfigurations = (
				8409CC9B2080B85500DA5763 /* Debug */,
				8409CC9C2080B85500DA5763 /* Release */,
			);
			defaultConfigurationIsVisible = 0;
			defaultConfigurationName = Release;
		};
		8409CC9D2080B85500DA5763 /* Build configuration list for PBXNativeTarget "WSSlideMenu" */ = {
			isa = XCConfigurationList;
			buildConfigurations = (
				8409CC9E2080B85500DA5763 /* Debug */,
				8409CC9F2080B85500DA5763 /* Release */,
			);
			defaultConfigurationIsVisible = 0;
			defaultConfigurationName = Release;
		};
		8409CCA02080B85500DA5763 /* Build configuration list for PBXNativeTarget "WSSlideMenuTests" */ = {
			isa = XCConfigurationList;
			buildConfigurations = (
				8409CCA12080B85500DA5763 /* Debug */,
				8409CCA22080B85500DA5763 /* Release */,
			);
			defaultConfigurationIsVisible = 0;
			defaultConfigurationName = Release;
		};
		8409CCA32080B85500DA5763 /* Build configuration list for PBXNativeTarget "WSSlideMenuUITests" */ = {
			isa = XCConfigurationList;
			buildConfigurations = (
				8409CCA42080B85500DA5763 /* Debug */,
				8409CCA52080B85500DA5763 /* Release */,
			);
			defaultConfigurationIsVisible = 0;
			defaultConfigurationName = Release;
		};
/* End XCConfigurationList section */
	};
	rootObject = 8409CC692080B85400DA5763 /* Project object */;
}
